
Microsoft Visual Studio Solution File, Format Version 12.00
# Visual Studio Version 17
VisualStudioVersion = 17.6.33712.159
MinimumVisualStudioVersion = 10.0.40219.1
Project("{FAE04EC0-301F-11D3-BF4B-00C04F79EFBC}") = "Q16", "Q16\Q16.csproj", "{7A115D73-0D11-40B8-A4C9-226D73F29337}"
EndProject
Global
	GlobalSection(SolutionConfigurationPlatforms) = preSolution
		Debug|Any CPU = Debug|Any CPU
		Release|Any CPU = Release|Any CPU
	EndGlobalSection
	GlobalSection(ProjectConfigurationPlatforms) = postSolution
		{7A115D73-0D11-40B8-A4C9-226D73F29337}.Debug|Any CPU.ActiveCfg = Debug|Any CPU
		{7A115D73-0D11-40B8-A4C9-226D73F29337}.Debug|Any CPU.Build.0 = Debug|Any CPU
		{7A115D73-0D11-40B8-A4C9-226D73F29337}.Release|Any CPU.ActiveCfg = Release|Any CPU
		{7A115D73-0D11-40B8-A4C9-226D73F29337}.Release|Any CPU.Build.0 = Release|Any CPU
	EndGlobalSection
	GlobalSection(SolutionProperties) = preSolution
		HideSolutionNode = FALSE
	EndGlobalSection
	GlobalSection(ExtensibilityGlobals) = postSolution
		SolutionGuid = {16D086B9-97A9-466D-B44A-E2451B08BEC7}
	EndGlobalSection
EndGlobal
